
Microsoft Visual Studio Solution File, Format Version 12.00
# Visual Studio Version 16
VisualStudioVersion = 16.0.30002.166
MinimumVisualStudioVersion = 10.0.40219.1
Project("{888888A0-9F3D-457C-B088-3A5042F75D52}") = "Contacts_Manager", "Contacts_Manager.pyproj", "{D03CC376-5D41-42DA-819E-5B87ACCC4260}"
EndProject
Global
	GlobalSection(SolutionConfigurationPlatforms) = preSolution
		Debug|Any CPU = Debug|Any CPU
		Release|Any CPU = Release|Any CPU
	EndGlobalSection
	GlobalSection(ProjectConfigurationPlatforms) = postSolution
		{D03CC376-5D41-42DA-819E-5B87ACCC4260}.Debug|Any CPU.ActiveCfg = Debug|Any CPU
		{D03CC376-5D41-42DA-819E-5B87ACCC4260}.Debug|Any CPU.Build.0 = Debug|Any CPU
		{D03CC376-5D41-42DA-819E-5B87ACCC4260}.Release|Any CPU.ActiveCfg = Release|Any CPU
		{D03CC376-5D41-42DA-819E-5B87ACCC4260}.Release|Any CPU.Build.0 = Release|Any CPU
	EndGlobalSection
	GlobalSection(SolutionProperties) = preSolution
		HideSolutionNode = FALSE
	EndGlobalSection
	GlobalSection(ExtensibilityGlobals) = postSolution
		SolutionGuid = {7DCDB100-3EBE-4068-A04B-EBD4B9A6503C}
	EndGlobalSection
EndGlobal
